{
  "name": "ttednd",
  "version": "1.0.0",
  "lockfileVersion": 2,
  "requires": true,
  "packages": {
    "": {
      "name": "ttednd",
      "version": "1.0.0",
      "license": "ISC",
      "dependencies": {
        "pdfjs-dist": "^2.13.216"
      },
      "devDependencies": {
        "encoding-japanese": "^2.0.0",
        "utf8": "^3.0.0"
      }
    },
    "node_modules/encoding-japanese": {
      "version": "2.0.0",
      "resolved": "https://registry.npmjs.org/encoding-japanese/-/encoding-japanese-2.0.0.tgz",
      "integrity": "sha512-++P0RhebUC8MJAwJOsT93dT+5oc5oPImp1HubZpAuCZ5kTLnhuuBhKHj2jJeO/Gj93idPBWmIuQ9QWMe5rX3pQ==",
      "dev": true,
      "engines": {
        "node": ">=8.10.0"
      }
    },
    "node_modules/pdfjs-dist": {
      "version": "2.13.216",
      "resolved": "https://registry.npmjs.org/pdfjs-dist/-/pdfjs-dist-2.13.216.tgz",
      "integrity": "sha512-qn/9a/3IHIKZarTK6ajeeFXBkG15Lg1Fx99PxU09PAU2i874X8mTcHJYyDJxu7WDfNhV6hM7bRQBZU384anoqQ==",
      "dependencies": {
        "web-streams-polyfill": "^3.2.0"
      },
      "peerDependencies": {
        "worker-loader": "^3.0.8"
      },
      "peerDependenciesMeta": {
        "worker-loader": {
          "optional": true
        }
      }
    },
    "node_modules/utf8": {
      "version": "3.0.0",
      "resolved": "https://registry.npmjs.org/utf8/-/utf8-3.0.0.tgz",
      "integrity": "sha512-E8VjFIQ/TyQgp+TZfS6l8yp/xWppSAHzidGiRrqe4bK4XP9pTRyKFgGJpO3SN7zdX4DeomTrwaseCHovfpFcqQ==",
      "dev": true
    },
    "node_modules/web-streams-polyfill": {
      "version": "3.2.1",
      "resolved": "https://registry.npmjs.org/web-streams-polyfill/-/web-streams-polyfill-3.2.1.tgz",
      "integrity": "sha512-e0MO3wdXWKrLbL0DgGnUV7WHVuw9OUvL4hjgnPkIeEvESk74gAITi5G606JtZPp39cd8HA9VQzCIvA49LpPN5Q==",
      "engines": {
        "node": ">= 8"
      }
    }
  },
  "dependencies": {
    "encoding-japanese": {
      "version": "2.0.0",
      "resolved": "https://registry.npmjs.org/encoding-japanese/-/encoding-japanese-2.0.0.tgz",
      "integrity": "sha512-++P0RhebUC8MJAwJOsT93dT+5oc5oPImp1HubZpAuCZ5kTLnhuuBhKHj2jJeO/Gj93idPBWmIuQ9QWMe5rX3pQ==",
      "dev": true
    },
    "pdfjs-dist": {
      "version": "2.13.216",
      "resolved": "https://registry.npmjs.org/pdfjs-dist/-/pdfjs-dist-2.13.216.tgz",
      "integrity": "sha512-qn/9a/3IHIKZarTK6ajeeFXBkG15Lg1Fx99PxU09PAU2i874X8mTcHJYyDJxu7WDfNhV6hM7bRQBZU384anoqQ==",
      "requires": {
        "web-streams-polyfill": "^3.2.0"
      }
    },
    "utf8": {
      "version": "3.0.0",
      "resolved": "https://registry.npmjs.org/utf8/-/utf8-3.0.0.tgz",
      "integrity": "sha512-E8VjFIQ/TyQgp+TZfS6l8yp/xWppSAHzidGiRrqe4bK4XP9pTRyKFgGJpO3SN7zdX4DeomTrwaseCHovfpFcqQ==",
      "dev": true
    },
    "web-streams-polyfill": {
      "version": "3.2.1",
      "resolved": "https://registry.npmjs.org/web-streams-polyfill/-/web-streams-polyfill-3.2.1.tgz",
      "integrity": "sha512-e0MO3wdXWKrLbL0DgGnUV7WHVuw9OUvL4hjgnPkIeEvESk74gAITi5G606JtZPp39cd8HA9VQzCIvA49LpPN5Q=="
    }
  }
}
